
Microsoft Visual Studio Solution File, Format Version 12.00
# Visual Studio 15
VisualStudioVersion = 15.0.28307.329
MinimumVisualStudioVersion = 10.0.40219.1
Project("{FAE04EC0-301F-11D3-BF4B-00C04F79EFBC}") = "GamePatterns", "GamePatterns\GamePatterns.csproj", "{BAB17C1A-4D49-416C-8472-C9FDF54A75A7}"
EndProject
Global
	GlobalSection(SolutionConfigurationPlatforms) = preSolution
		Debug|Any CPU = Debug|Any CPU
		Release|Any CPU = Release|Any CPU
	EndGlobalSection
	GlobalSection(ProjectConfigurationPlatforms) = postSolution
		{BAB17C1A-4D49-416C-8472-C9FDF54A75A7}.Debug|Any CPU.ActiveCfg = Debug|Any CPU
		{BAB17C1A-4D49-416C-8472-C9FDF54A75A7}.Debug|Any CPU.Build.0 = Debug|Any CPU
		{BAB17C1A-4D49-416C-8472-C9FDF54A75A7}.Release|Any CPU.ActiveCfg = Release|Any CPU
		{BAB17C1A-4D49-416C-8472-C9FDF54A75A7}.Release|Any CPU.Build.0 = Release|Any CPU
	EndGlobalSection
	GlobalSection(SolutionProperties) = preSolution
		HideSolutionNode = FALSE
	EndGlobalSection
	GlobalSection(ExtensibilityGlobals) = postSolution
		SolutionGuid = {9A8F218A-6CF4-44CA-90B1-335EDB3D1F8A}
	EndGlobalSection
EndGlobal
